
Microsoft Visual Studio Solution File, Format Version 12.00
# Visual Studio 15
VisualStudioVersion = 15.0.27428.1
MinimumVisualStudioVersion = 10.0.40219.1
Project("{FAE04EC0-301F-11D3-BF4B-00C04F79EFBC}") = "W5code", "W5code.com\W5code.csproj", "{A559899C-B0E0-4089-B5F0-D01A47402A26}"
EndProject
Global
	GlobalSection(SolutionConfigurationPlatforms) = preSolution
		Debug|Any CPU = Debug|Any CPU
		Release|Any CPU = Release|Any CPU
	EndGlobalSection
	GlobalSection(ProjectConfigurationPlatforms) = postSolution
		{A559899C-B0E0-4089-B5F0-D01A47402A26}.Debug|Any CPU.ActiveCfg = Debug|Any CPU
		{A559899C-B0E0-4089-B5F0-D01A47402A26}.Debug|Any CPU.Build.0 = Debug|Any CPU
		{A559899C-B0E0-4089-B5F0-D01A47402A26}.Release|Any CPU.ActiveCfg = Release|Any CPU
		{A559899C-B0E0-4089-B5F0-D01A47402A26}.Release|Any CPU.Build.0 = Release|Any CPU
	EndGlobalSection
	GlobalSection(SolutionProperties) = preSolution
		HideSolutionNode = FALSE
	EndGlobalSection
	GlobalSection(ExtensibilityGlobals) = postSolution
		SolutionGuid = {DA2F9671-244F-4A85-AB76-DF52EE39931F}
	EndGlobalSection
EndGlobal
